// !$*UTF8*$!
{
	archiveVersion = 1;
	classes = {
	};
	objectVersion = 56;
	objects = {

/* Begin PBXBuildFile section */
		0E4A2A492C398708003983B3 /* AppDelegate.swift in Sources */ = {isa = PBXBuildFile; fileRef = 0E4A2A482C398708003983B3 /* AppDelegate.swift */; };
		0E4A2A4B2C398708003983B3 /* SceneDelegate.swift in Sources */ = {isa = PBXBuildFile; fileRef = 0E4A2A4A2C398708003983B3 /* SceneDelegate.swift */; };
		0E4A2A522C39870A003983B3 /* Assets.xcassets in Resources */ = {isa = PBXBuildFile; fileRef = 0E4A2A512C39870A003983B3 /* Assets.xcassets */; };
		0E4A2A552C39870A003983B3 /* Base in Resources */ = {isa = PBXBuildFile; fileRef = 0E4A2A542C39870A003983B3 /* Base */; };
		0E4A2A602C39870A003983B3 /* swift_login_systemTests.swift in Sources */ = {isa = PBXBuildFile; fileRef = 0E4A2A5F2C39870A003983B3 /* swift_login_systemTests.swift */; };
		0E4A2A6A2C39870A003983B3 /* swift_login_systemUITests.swift in Sources */ = {isa = PBXBuildFile; fileRef = 0E4A2A692C39870A003983B3 /* swift_login_systemUITests.swift */; };
		0E4A2A6C2C39870A003983B3 /* swift_login_systemUITestsLaunchTests.swift in Sources */ = {isa = PBXBuildFile; fileRef = 0E4A2A6B2C39870A003983B3 /* swift_login_systemUITestsLaunchTests.swift */; };
		0E4A2A7A2C398F36003983B3 /* HomeController.swift in Sources */ = {isa = PBXBuildFile; fileRef = 0E4A2A792C398F36003983B3 /* HomeController.swift */; };
		0E4A2A7C2C398F4B003983B3 /* LoginController.swift in Sources */ = {isa = PBXBuildFile; fileRef = 0E4A2A7B2C398F4B003983B3 /* LoginController.swift */; };
		0E4A2A7E2C398F63003983B3 /* RegisterController.swift in Sources */ = {isa = PBXBuildFile; fileRef = 0E4A2A7D2C398F63003983B3 /* RegisterController.swift */; };
		0E4A2A802C398F86003983B3 /* ForgotPasswordController.swift in Sources */ = {isa = PBXBuildFile; fileRef = 0E4A2A7F2C398F86003983B3 /* ForgotPasswordController.swift */; };
		0EEF50422C39F16300AB70EF /* AuthHeaderView.swift in Sources */ = {isa = PBXBuildFile; fileRef = 0EEF50412C39F16300AB70EF /* AuthHeaderView.swift */; };
		0EEF50442C3D748900AB70EF /* CustomTextField.swift in Sources */ = {isa = PBXBuildFile; fileRef = 0EEF50432C3D748800AB70EF /* CustomTextField.swift */; };
		0EEF50462C3DC8ED00AB70EF /* CustomButton.swift in Sources */ = {isa = PBXBuildFile; fileRef = 0EEF50452C3DC8ED00AB70EF /* CustomButton.swift */; };
/* End PBXBuildFile section */

/* Begin PBXContainerItemProxy section */
		0E4A2A5C2C39870A003983B3 /* PBXContainerItemProxy */ = {
			isa = PBXContainerItemProxy;
			containerPortal = 0E4A2A3D2C398708003983B3 /* Project object */;
			proxyType = 1;
			remoteGlobalIDString = 0E4A2A442C398708003983B3;
			remoteInfo = swift_login_system;
		};
		0E4A2A662C39870A003983B3 /* PBXContainerItemProxy */ = {
			isa = PBXContainerItemProxy;
			containerPortal = 0E4A2A3D2C398708003983B3 /* Project object */;
			proxyType = 1;
			remoteGlobalIDString = 0E4A2A442C398708003983B3;
			remoteInfo = swift_login_system;
		};
/* End PBXContainerItemProxy section */

/* Begin PBXFileReference section */
		0E4A2A452C398708003983B3 /* swift_login_system.app */ = {isa = PBXFileReference; explicitFileType = wrapper.application; includeInIndex = 0; path = swift_login_system.app; sourceTree = BUILT_PRODUCTS_DIR; };
		0E4A2A482C398708003983B3 /* AppDelegate.swift */ = {isa = PBXFileReference; lastKnownFileType = sourcecode.swift; path = AppDelegate.swift; sourceTree = "<group>"; };
		0E4A2A4A2C398708003983B3 /* SceneDelegate.swift */ = {isa = PBXFileReference; lastKnownFileType = sourcecode.swift; path = SceneDelegate.swift; sourceTree = "<group>"; };
		0E4A2A512C39870A003983B3 /* Assets.xcassets */ = {isa = PBXFileReference; lastKnownFileType = folder.assetcatalog; path = Assets.xcassets; sourceTree = "<group>"; };
		0E4A2A542C39870A003983B3 /* Base */ = {isa = PBXFileReference; lastKnownFileType = file.storyboard; name = Base; path = Base.lproj/LaunchScreen.storyboard; sourceTree = "<group>"; };
		0E4A2A562C39870A003983B3 /* Info.plist */ = {isa = PBXFileReference; lastKnownFileType = text.plist.xml; path = Info.plist; sourceTree = "<group>"; };
		0E4A2A5B2C39870A003983B3 /* swift_login_systemTests.xctest */ = {isa = PBXFileReference; explicitFileType = wrapper.cfbundle; includeInIndex = 0; path = swift_login_systemTests.xctest; sourceTree = BUILT_PRODUCTS_DIR; };
		0E4A2A5F2C39870A003983B3 /* swift_login_systemTests.swift */ = {isa = PBXFileReference; lastKnownFileType = sourcecode.swift; path = swift_login_systemTests.swift; sourceTree = "<group>"; };
		0E4A2A652C39870A003983B3 /* swift_login_systemUITests.xctest */ = {isa = PBXFileReference; explicitFileType = wrapper.cfbundle; includeInIndex = 0; path = swift_login_systemUITests.xctest; sourceTree = BUILT_PRODUCTS_DIR; };
		0E4A2A692C39870A003983B3 /* swift_login_systemUITests.swift */ = {isa = PBXFileReference; lastKnownFileType = sourcecode.swift; path = swift_login_systemUITests.swift; sourceTree = "<group>"; };
		0E4A2A6B2C39870A003983B3 /* swift_login_systemUITestsLaunchTests.swift */ = {isa = PBXFileReference; lastKnownFileType = sourcecode.swift; path = swift_login_systemUITestsLaunchTests.swift; sourceTree = "<group>"; };
		0E4A2A792C398F36003983B3 /* HomeController.swift */ = {isa = PBXFileReference; lastKnownFileType = sourcecode.swift; path = HomeController.swift; sourceTree = "<group>"; };
		0E4A2A7B2C398F4B003983B3 /* LoginController.swift */ = {isa = PBXFileReference; lastKnownFileType = sourcecode.swift; path = LoginController.swift; sourceTree = "<group>"; };
		0E4A2A7D2C398F63003983B3 /* RegisterController.swift */ = {isa = PBXFileReference; lastKnownFileType = sourcecode.swift; path = RegisterController.swift; sourceTree = "<group>"; };
		0E4A2A7F2C398F86003983B3 /* ForgotPasswordController.swift */ = {isa = PBXFileReference; lastKnownFileType = sourcecode.swift; path = ForgotPasswordController.swift; sourceTree = "<group>"; };
		0EEF50412C39F16300AB70EF /* AuthHeaderView.swift */ = {isa = PBXFileReference; lastKnownFileType = sourcecode.swift; path = AuthHeaderView.swift; sourceTree = "<group>"; };
		0EEF50432C3D748800AB70EF /* CustomTextField.swift */ = {isa = PBXFileReference; lastKnownFileType = sourcecode.swift; path = CustomTextField.swift; sourceTree = "<group>"; };
		0EEF50452C3DC8ED00AB70EF /* CustomButton.swift */ = {isa = PBXFileReference; lastKnownFileType = sourcecode.swift; path = CustomButton.swift; sourceTree = "<group>"; };
/* End PBXFileReference section */

/* Begin PBXFrameworksBuildPhase section */
		0E4A2A422C398708003983B3 /* Frameworks */ = {
			isa = PBXFrameworksBuildPhase;
			buildActionMask = 2147483647;
			files = (
			);
			runOnlyForDeploymentPostprocessing = 0;
		};
		0E4A2A582C39870A003983B3 /* Frameworks */ = {
			isa = PBXFrameworksBuildPhase;
			buildActionMask = 2147483647;
			files = (
			);
			runOnlyForDeploymentPostprocessing = 0;
		};
		0E4A2A622C39870A003983B3 /* Frameworks */ = {
			isa = PBXFrameworksBuildPhase;
			buildActionMask = 2147483647;
			files = (
			);
			runOnlyForDeploymentPostprocessing = 0;
		};
/* End PBXFrameworksBuildPhase section */

/* Begin PBXGroup section */
		0E4A2A3C2C398708003983B3 = {
			isa = PBXGroup;
			children = (
				0E4A2A472C398708003983B3 /* swift_login_system */,
				0E4A2A5E2C39870A003983B3 /* swift_login_systemTests */,
				0E4A2A682C39870A003983B3 /* swift_login_systemUITests */,
				0E4A2A462C398708003983B3 /* Products */,
			);
			sourceTree = "<group>";
		};
		0E4A2A462C398708003983B3 /* Products */ = {
			isa = PBXGroup;
			children = (
				0E4A2A452C398708003983B3 /* swift_login_system.app */,
				0E4A2A5B2C39870A003983B3 /* swift_login_systemTests.xctest */,
				0E4A2A652C39870A003983B3 /* swift_login_systemUITests.xctest */,
			);
			name = Products;
			sourceTree = "<group>";
		};
		0E4A2A472C398708003983B3 /* swift_login_system */ = {
			isa = PBXGroup;
			children = (
				0E4A2A792C398F36003983B3 /* HomeController.swift */,
				0E4A2A7B2C398F4B003983B3 /* LoginController.swift */,
				0E4A2A7D2C398F63003983B3 /* RegisterController.swift */,
				0E4A2A7F2C398F86003983B3 /* ForgotPasswordController.swift */,
				0E4A2A812C398FC4003983B3 /* Views */,
				0E4A2A782C398DCC003983B3 /* Supporting */,
				0E4A2A562C39870A003983B3 /* Info.plist */,
			);
			path = swift_login_system;
			sourceTree = "<group>";
		};
		0E4A2A5E2C39870A003983B3 /* swift_login_systemTests */ = {
			isa = PBXGroup;
			children = (
				0E4A2A5F2C39870A003983B3 /* swift_login_systemTests.swift */,
			);
			path = swift_login_systemTests;
			sourceTree = "<group>";
		};
		0E4A2A682C39870A003983B3 /* swift_login_systemUITests */ = {
			isa = PBXGroup;
			children = (
				0E4A2A692C39870A003983B3 /* swift_login_systemUITests.swift */,
				0E4A2A6B2C39870A003983B3 /* swift_login_systemUITestsLaunchTests.swift */,
			);
			path = swift_login_systemUITests;
			sourceTree = "<group>";
		};
		0E4A2A782C398DCC003983B3 /* Supporting */ = {
			isa = PBXGroup;
			children = (
				0E4A2A482C398708003983B3 /* AppDelegate.swift */,
				0E4A2A4A2C398708003983B3 /* SceneDelegate.swift */,
				0E4A2A512C39870A003983B3 /* Assets.xcassets */,
				0E4A2A532C39870A003983B3 /* LaunchScreen.storyboard */,
			);
			path = Supporting;
			sourceTree = "<group>";
		};
		0E4A2A812C398FC4003983B3 /* Views */ = {
			isa = PBXGroup;
			children = (
				0EEF50412C39F16300AB70EF /* AuthHeaderView.swift */,
				0EEF50432C3D748800AB70EF /* CustomTextField.swift */,
				0EEF50452C3DC8ED00AB70EF /* CustomButton.swift */,
			);
			path = Views;
			sourceTree = "<group>";
		};
/* End PBXGroup section */

/* Begin PBXNativeTarget section */
		0E4A2A442C398708003983B3 /* swift_login_system */ = {
			isa = PBXNativeTarget;
			buildConfigurationList = 0E4A2A6F2C39870A003983B3 /* Build configuration list for PBXNativeTarget "swift_login_system" */;
			buildPhases = (
				0E4A2A412C398708003983B3 /* Sources */,
				0E4A2A422C398708003983B3 /* Frameworks */,
				0E4A2A432C398708003983B3 /* Resources */,
			);
			buildRules = (
			);
			dependencies = (
			);
			name = swift_login_system;
			productName = swift_login_system;
			productReference = 0E4A2A452C398708003983B3 /* swift_login_system.app */;
			productType = "com.apple.product-type.application";
		};
		0E4A2A5A2C39870A003983B3 /* swift_login_systemTests */ = {
			isa = PBXNativeTarget;
			buildConfigurationList = 0E4A2A722C39870A003983B3 /* Build configuration list for PBXNativeTarget "swift_login_systemTests" */;
			buildPhases = (
				0E4A2A572C39870A003983B3 /* Sources */,
				0E4A2A582C39870A003983B3 /* Frameworks */,
				0E4A2A592C39870A003983B3 /* Resources */,
			);
			buildRules = (
			);
			dependencies = (
				0E4A2A5D2C39870A003983B3 /* PBXTargetDependency */,
			);
			name = swift_login_systemTests;
			productName = swift_login_systemTests;
			productReference = 0E4A2A5B2C39870A003983B3 /* swift_login_systemTests.xctest */;
			productType = "com.apple.product-type.bundle.unit-test";
		};
		0E4A2A642C39870A003983B3 /* swift_login_systemUITests */ = {
			isa = PBXNativeTarget;
			buildConfigurationList = 0E4A2A752C39870A003983B3 /* Build configuration list for PBXNativeTarget "swift_login_systemUITests" */;
			buildPhases = (
				0E4A2A612C39870A003983B3 /* Sources */,
				0E4A2A622C39870A003983B3 /* Frameworks */,
				0E4A2A632C39870A003983B3 /* Resources */,
			);
			buildRules = (
			);
			dependencies = (
				0E4A2A672C39870A003983B3 /* PBXTargetDependency */,
			);
			name = swift_login_systemUITests;
			productName = swift_login_systemUITests;
			productReference = 0E4A2A652C39870A003983B3 /* swift_login_systemUITests.xctest */;
			productType = "com.apple.product-type.bundle.ui-testing";
		};
/* End PBXNativeTarget section */

/* Begin PBXProject section */
		0E4A2A3D2C398708003983B3 /* Project object */ = {
			isa = PBXProject;
			attributes = {
				BuildIndependentTargetsInParallel = 1;
				LastSwiftUpdateCheck = 1540;
				LastUpgradeCheck = 1540;
				TargetAttributes = {
					0E4A2A442C398708003983B3 = {
						CreatedOnToolsVersion = 15.4;
					};
					0E4A2A5A2C39870A003983B3 = {
						CreatedOnToolsVersion = 15.4;
						TestTargetID = 0E4A2A442C398708003983B3;
					};
					0E4A2A642C39870A003983B3 = {
						CreatedOnToolsVersion = 15.4;
						TestTargetID = 0E4A2A442C398708003983B3;
					};
				};
			};
			buildConfigurationList = 0E4A2A402C398708003983B3 /* Build configuration list for PBXProject "swift_login_system" */;
			compatibilityVersion = "Xcode 14.0";
			developmentRegion = en;
			hasScannedForEncodings = 0;
			knownRegions = (
				en,
				Base,
			);
			mainGroup = 0E4A2A3C2C398708003983B3;
			productRefGroup = 0E4A2A462C398708003983B3 /* Products */;
			projectDirPath = "";
			projectRoot = "";
			targets = (
				0E4A2A442C398708003983B3 /* swift_login_system */,
				0E4A2A5A2C39870A003983B3 /* swift_login_systemTests */,
				0E4A2A642C39870A003983B3 /* swift_login_systemUITests */,
			);
		};
/* End PBXProject section */

/* Begin PBXResourcesBuildPhase section */
		0E4A2A432C398708003983B3 /* Resources */ = {
			isa = PBXResourcesBuildPhase;
			buildActionMask = 2147483647;
			files = (
				0E4A2A522C39870A003983B3 /* Assets.xcassets in Resources */,
				0E4A2A552C39870A003983B3 /* Base in Resources */,
			);
			runOnlyForDeploymentPostprocessing = 0;
		};
		0E4A2A592C39870A003983B3 /* Resources */ = {
			isa = PBXResourcesBuildPhase;
			buildActionMask = 2147483647;
			files = (
			);
			runOnlyForDeploymentPostprocessing = 0;
		};
		0E4A2A632C39870A003983B3 /* Resources */ = {
			isa = PBXResourcesBuildPhase;
			buildActionMask = 2147483647;
			files = (
			);
			runOnlyForDeploymentPostprocessing = 0;
		};
/* End PBXResourcesBuildPhase section */

/* Begin PBXSourcesBuildPhase section */
		0E4A2A412C398708003983B3 /* Sources */ = {
			isa = PBXSourcesBuildPhase;
			buildActionMask = 2147483647;
			files = (
				0E4A2A7A2C398F36003983B3 /* HomeController.swift in Sources */,
				0E4A2A7E2C398F63003983B3 /* RegisterController.swift in Sources */,
				0EEF50462C3DC8ED00AB70EF /* CustomButton.swift in Sources */,
				0E4A2A802C398F86003983B3 /* ForgotPasswordController.swift in Sources */,
				0E4A2A492C398708003983B3 /* AppDelegate.swift in Sources */,
				0EEF50442C3D748900AB70EF /* CustomTextField.swift in Sources */,
				0E4A2A4B2C398708003983B3 /* SceneDelegate.swift in Sources */,
				0E4A2A7C2C398F4B003983B3 /* LoginController.swift in Sources */,
				0EEF50422C39F16300AB70EF /* AuthHeaderView.swift in Sources */,
			);
			runOnlyForDeploymentPostprocessing = 0;
		};
		0E4A2A572C39870A003983B3 /* Sources */ = {
			isa = PBXSourcesBuildPhase;
			buildActionMask = 2147483647;
			files = (
				0E4A2A602C39870A003983B3 /* swift_login_systemTests.swift in Sources */,
			);
			runOnlyForDeploymentPostprocessing = 0;
		};
		0E4A2A612C39870A003983B3 /* Sources */ = {
			isa = PBXSourcesBuildPhase;
			buildActionMask = 2147483647;
			files = (
				0E4A2A6A2C39870A003983B3 /* swift_login_systemUITests.swift in Sources */,
				0E4A2A6C2C39870A003983B3 /* swift_login_systemUITestsLaunchTests.swift in Sources */,
			);
			runOnlyForDeploymentPostprocessing = 0;
		};
/* End PBXSourcesBuildPhase section */

/* Begin PBXTargetDependency section */
		0E4A2A5D2C39870A003983B3 /* PBXTargetDependency */ = {
			isa = PBXTargetDependency;
			target = 0E4A2A442C398708003983B3 /* swift_login_system */;
			targetProxy = 0E4A2A5C2C39870A003983B3 /* PBXContainerItemProxy */;
		};
		0E4A2A672C39870A003983B3 /* PBXTargetDependency */ = {
			isa = PBXTargetDependency;
			target = 0E4A2A442C398708003983B3 /* swift_login_system */;
			targetProxy = 0E4A2A662C39870A003983B3 /* PBXContainerItemProxy */;
		};
/* End PBXTargetDependency section */

/* Begin PBXVariantGroup section */
		0E4A2A532C39870A003983B3 /* LaunchScreen.storyboard */ = {
			isa = PBXVariantGroup;
			children = (
				0E4A2A542C39870A003983B3 /* Base */,
			);
			name = LaunchScreen.storyboard;
			sourceTree = "<group>";
		};
/* End PBXVariantGroup section */

/* Begin XCBuildConfiguration section */
		0E4A2A6D2C39870A003983B3 /* Debug */ = {
			isa = XCBuildConfiguration;
			buildSettings = {
				ALWAYS_SEARCH_USER_PATHS = NO;
				ASSETCATALOG_COMPILER_GENERATE_SWIFT_ASSET_SYMBOL_EXTENSIONS = YES;
				CLANG_ANALYZER_NONNULL = YES;
				CLANG_ANALYZER_NUMBER_OBJECT_CONVERSION = YES_AGGRESSIVE;
				CLANG_CXX_LANGUAGE_STANDARD = "gnu++20";
				CLANG_ENABLE_MODULES = YES;
				CLANG_ENABLE_OBJC_ARC = YES;
				CLANG_ENABLE_OBJC_WEAK = YES;
				CLANG_WARN_BLOCK_CAPTURE_AUTORELEASING = YES;
				CLANG_WARN_BOOL_CONVERSION = YES;
				CLANG_WARN_COMMA = YES;
				CLANG_WARN_CONSTANT_CONVERSION = YES;
				CLANG_WARN_DEPRECATED_OBJC_IMPLEMENTATIONS = YES;
				CLANG_WARN_DIRECT_OBJC_ISA_USAGE = YES_ERROR;
				CLANG_WARN_DOCUMENTATION_COMMENTS = YES;
				CLANG_WARN_EMPTY_BODY = YES;
				CLANG_WARN_ENUM_CONVERSION = YES;
				CLANG_WARN_INFINITE_RECURSION = YES;
				CLANG_WARN_INT_CONVERSION = YES;
				CLANG_WARN_NON_LITERAL_NULL_CONVERSION = YES;
				CLANG_WARN_OBJC_IMPLICIT_RETAIN_SELF = YES;
				CLANG_WARN_OBJC_LITERAL_CONVERSION = YES;
				CLANG_WARN_OBJC_ROOT_CLASS = YES_ERROR;
				CLANG_WARN_QUOTED_INCLUDE_IN_FRAMEWORK_HEADER = YES;
				CLANG_WARN_RANGE_LOOP_ANALYSIS = YES;
				CLANG_WARN_STRICT_PROTOTYPES = YES;
				CLANG_WARN_SUSPICIOUS_MOVE = YES;
				CLANG_WARN_UNGUARDED_AVAILABILITY = YES_AGGRESSIVE;
				CLANG_WARN_UNREACHABLE_CODE = YES;
				CLANG_WARN__DUPLICATE_METHOD_MATCH = YES;
				COPY_PHASE_STRIP = NO;
				DEBUG_INFORMATION_FORMAT = dwarf;
				ENABLE_STRICT_OBJC_MSGSEND = YES;
				ENABLE_TESTABILITY = YES;
				ENABLE_USER_SCRIPT_SANDBOXING = YES;
				GCC_C_LANGUAGE_STANDARD = gnu17;
				GCC_DYNAMIC_NO_PIC = NO;
				GCC_NO_COMMON_BLOCKS = YES;
				GCC_OPTIMIZATION_LEVEL = 0;
				GCC_PREPROCESSOR_DEFINITIONS = (
					"DEBUG=1",
					"$(inherited)",
				);
				GCC_WARN_64_TO_32_BIT_CONVERSION = YES;
				GCC_WARN_ABOUT_RETURN_TYPE = YES_ERROR;
				GCC_WARN_UNDECLARED_SELECTOR = YES;
				GCC_WARN_UNINITIALIZED_AUTOS = YES_AGGRESSIVE;
				GCC_WARN_UNUSED_FUNCTION = YES;
				GCC_WARN_UNUSED_VARIABLE = YES;
				IPHONEOS_DEPLOYMENT_TARGET = 17.5;
				LOCALIZATION_PREFERS_STRING_CATALOGS = YES;
				MTL_ENABLE_DEBUG_INFO = INCLUDE_SOURCE;
				MTL_FAST_MATH = YES;
				ONLY_ACTIVE_ARCH = YES;
				SDKROOT = iphoneos;
				SWIFT_ACTIVE_COMPILATION_CONDITIONS = "DEBUG $(inherited)";
				SWIFT_OPTIMIZATION_LEVEL = "-Onone";
			};
			name = Debug;
		};
		0E4A2A6E2C39870A003983B3 /* Release */ = {
			isa = XCBuildConfiguration;
			buildSettings = {
				ALWAYS_SEARCH_USER_PATHS = NO;
				ASSETCATALOG_COMPILER_GENERATE_SWIFT_ASSET_SYMBOL_EXTENSIONS = YES;
				CLANG_ANALYZER_NONNULL = YES;
				CLANG_ANALYZER_NUMBER_OBJECT_CONVERSION = YES_AGGRESSIVE;
				CLANG_CXX_LANGUAGE_STANDARD = "gnu++20";
				CLANG_ENABLE_MODULES = YES;
				CLANG_ENABLE_OBJC_ARC = YES;
				CLANG_ENABLE_OBJC_WEAK = YES;
				CLANG_WARN_BLOCK_CAPTURE_AUTORELEASING = YES;
				CLANG_WARN_BOOL_CONVERSION = YES;
				CLANG_WARN_COMMA = YES;
				CLANG_WARN_CONSTANT_CONVERSION = YES;
				CLANG_WARN_DEPRECATED_OBJC_IMPLEMENTATIONS = YES;
				CLANG_WARN_DIRECT_OBJC_ISA_USAGE = YES_ERROR;
				CLANG_WARN_DOCUMENTATION_COMMENTS = YES;
				CLANG_WARN_EMPTY_BODY = YES;
				CLANG_WARN_ENUM_CONVERSION = YES;
				CLANG_WARN_INFINITE_RECURSION = YES;
				CLANG_WARN_INT_CONVERSION = YES;
				CLANG_WARN_NON_LITERAL_NULL_CONVERSION = YES;
				CLANG_WARN_OBJC_IMPLICIT_RETAIN_SELF = YES;
				CLANG_WARN_OBJC_LITERAL_CONVERSION = YES;
				CLANG_WARN_OBJC_ROOT_CLASS = YES_ERROR;
				CLANG_WARN_QUOTED_INCLUDE_IN_FRAMEWORK_HEADER = YES;
				CLANG_WARN_RANGE_LOOP_ANALYSIS = YES;
				CLANG_WARN_STRICT_PROTOTYPES = YES;
				CLANG_WARN_SUSPICIOUS_MOVE = YES;
				CLANG_WARN_UNGUARDED_AVAILABILITY = YES_AGGRESSIVE;
				CLANG_WARN_UNREACHABLE_CODE = YES;
				CLANG_WARN__DUPLICATE_METHOD_MATCH = YES;
				COPY_PHASE_STRIP = NO;
				DEBUG_INFORMATION_FORMAT = "dwarf-with-dsym";
				ENABLE_NS_ASSERTIONS = NO;
				ENABLE_STRICT_OBJC_MSGSEND = YES;
				ENABLE_USER_SCRIPT_SANDBOXING = YES;
				GCC_C_LANGUAGE_STANDARD = gnu17;
				GCC_NO_COMMON_BLOCKS = YES;
				GCC_WARN_64_TO_32_BIT_CONVERSION = YES;
				GCC_WARN_ABOUT_RETURN_TYPE = YES_ERROR;
				GCC_WARN_UNDECLARED_SELECTOR = YES;
				GCC_WARN_UNINITIALIZED_AUTOS = YES_AGGRESSIVE;
				GCC_WARN_UNUSED_FUNCTION = YES;
				GCC_WARN_UNUSED_VARIABLE = YES;
				IPHONEOS_DEPLOYMENT_TARGET = 17.5;
				LOCALIZATION_PREFERS_STRING_CATALOGS = YES;
				MTL_ENABLE_DEBUG_INFO = NO;
				MTL_FAST_MATH = YES;
				SDKROOT = iphoneos;
				SWIFT_COMPILATION_MODE = wholemodule;
				VALIDATE_PRODUCT = YES;
			};
			name = Release;
		};
		0E4A2A702C39870A003983B3 /* Debug */ = {
			isa = XCBuildConfiguration;
			buildSettings = {
				ASSETCATALOG_COMPILER_APPICON_NAME = AppIcon;
				ASSETCATALOG_COMPILER_GLOBAL_ACCENT_COLOR_NAME = AccentColor;
				CODE_SIGN_STYLE = Automatic;
				CURRENT_PROJECT_VERSION = 1;
				GENERATE_INFOPLIST_FILE = YES;
				INFOPLIST_FILE = swift_login_system/Info.plist;
				INFOPLIST_KEY_UIApplicationSupportsIndirectInputEvents = YES;
				INFOPLIST_KEY_UILaunchStoryboardName = LaunchScreen;
				INFOPLIST_KEY_UISupportedInterfaceOrientations_iPad = "UIInterfaceOrientationPortrait UIInterfaceOrientationPortraitUpsideDown UIInterfaceOrientationLandscapeLeft UIInterfaceOrientationLandscapeRight";
				INFOPLIST_KEY_UISupportedInterfaceOrientations_iPhone = "UIInterfaceOrientationPortrait UIInterfaceOrientationLandscapeLeft UIInterfaceOrientationLandscapeRight";
				IPHONEOS_DEPLOYMENT_TARGET = 17.5;
				LD_RUNPATH_SEARCH_PATHS = (
					"$(inherited)",
					"@executable_path/Frameworks",
				);
				MARKETING_VERSION = 1.0;
				PRODUCT_BUNDLE_IDENTIFIER = "Pchelalala.swift-login-system";
				PRODUCT_NAME = "$(TARGET_NAME)";
				SWIFT_EMIT_LOC_STRINGS = YES;
				SWIFT_VERSION = 5.0;
				TARGETED_DEVICE_FAMILY = "1,2";
			};
			name = Debug;
		};
		0E4A2A712C39870A003983B3 /* Release */ = {
			isa = XCBuildConfiguration;
			buildSettings = {
				ASSETCATALOG_COMPILER_APPICON_NAME = AppIcon;
				ASSETCATALOG_COMPILER_GLOBAL_ACCENT_COLOR_NAME = AccentColor;
				CODE_SIGN_STYLE = Automatic;
				CURRENT_PROJECT_VERSION = 1;
				GENERATE_INFOPLIST_FILE = YES;
				INFOPLIST_FILE = swift_login_system/Info.plist;
				INFOPLIST_KEY_UIApplicationSupportsIndirectInputEvents = YES;
				INFOPLIST_KEY_UILaunchStoryboardName = LaunchScreen;
				INFOPLIST_KEY_UISupportedInterfaceOrientations_iPad = "UIInterfaceOrientationPortrait UIInterfaceOrientationPortraitUpsideDown UIInterfaceOrientationLandscapeLeft UIInterfaceOrientationLandscapeRight";
				INFOPLIST_KEY_UISupportedInterfaceOrientations_iPhone = "UIInterfaceOrientationPortrait UIInterfaceOrientationLandscapeLeft UIInterfaceOrientationLandscapeRight";
				IPHONEOS_DEPLOYMENT_TARGET = 17.5;
				LD_RUNPATH_SEARCH_PATHS = (
					"$(inherited)",
					"@executable_path/Frameworks",
				);
				MARKETING_VERSION = 1.0;
				PRODUCT_BUNDLE_IDENTIFIER = "Pchelalala.swift-login-system";
				PRODUCT_NAME = "$(TARGET_NAME)";
				SWIFT_EMIT_LOC_STRINGS = YES;
				SWIFT_VERSION = 5.0;
				TARGETED_DEVICE_FAMILY = "1,2";
			};
			name = Release;
		};
		0E4A2A732C39870A003983B3 /* Debug */ = {
			isa = XCBuildConfiguration;
			buildSettings = {
				ALWAYS_EMBED_SWIFT_STANDARD_LIBRARIES = YES;
				BUNDLE_LOADER = "$(TEST_HOST)";
				CODE_SIGN_STYLE = Automatic;
				CURRENT_PROJECT_VERSION = 1;
				GENERATE_INFOPLIST_FILE = YES;
				IPHONEOS_DEPLOYMENT_TARGET = 17.5;
				MARKETING_VERSION = 1.0;
				PRODUCT_BUNDLE_IDENTIFIER = "Pchelalala.swift-login-systemTests";
				PRODUCT_NAME = "$(TARGET_NAME)";
				SWIFT_EMIT_LOC_STRINGS = NO;
				SWIFT_VERSION = 5.0;
				TARGETED_DEVICE_FAMILY = "1,2";
				TEST_HOST = "$(BUILT_PRODUCTS_DIR)/swift_login_system.app/$(BUNDLE_EXECUTABLE_FOLDER_PATH)/swift_login_system";
			};
			name = Debug;
		};
		0E4A2A742C39870A003983B3 /* Release */ = {
			isa = XCBuildConfiguration;
			buildSettings = {
				ALWAYS_EMBED_SWIFT_STANDARD_LIBRARIES = YES;
				BUNDLE_LOADER = "$(TEST_HOST)";
				CODE_SIGN_STYLE = Automatic;
				CURRENT_PROJECT_VERSION = 1;
				GENERATE_INFOPLIST_FILE = YES;
				IPHONEOS_DEPLOYMENT_TARGET = 17.5;
				MARKETING_VERSION = 1.0;
				PRODUCT_BUNDLE_IDENTIFIER = "Pchelalala.swift-login-systemTests";
				PRODUCT_NAME = "$(TARGET_NAME)";
				SWIFT_EMIT_LOC_STRINGS = NO;
				SWIFT_VERSION = 5.0;
				TARGETED_DEVICE_FAMILY = "1,2";
				TEST_HOST = "$(BUILT_PRODUCTS_DIR)/swift_login_system.app/$(BUNDLE_EXECUTABLE_FOLDER_PATH)/swift_login_system";
			};
			name = Release;
		};
		0E4A2A762C39870A003983B3 /* Debug */ = {
			isa = XCBuildConfiguration;
			buildSettings = {
				ALWAYS_EMBED_SWIFT_STANDARD_LIBRARIES = YES;
				CODE_SIGN_STYLE = Automatic;
				CURRENT_PROJECT_VERSION = 1;
				GENERATE_INFOPLIST_FILE = YES;
				MARKETING_VERSION = 1.0;
				PRODUCT_BUNDLE_IDENTIFIER = "Pchelalala.swift-login-systemUITests";
				PRODUCT_NAME = "$(TARGET_NAME)";
				SWIFT_EMIT_LOC_STRINGS = NO;
				SWIFT_VERSION = 5.0;
				TARGETED_DEVICE_FAMILY = "1,2";
				TEST_TARGET_NAME = swift_login_system;
			};
			name = Debug;
		};
		0E4A2A772C39870A003983B3 /* Release */ = {
			isa = XCBuildConfiguration;
			buildSettings = {
				ALWAYS_EMBED_SWIFT_STANDARD_LIBRARIES = YES;
				CODE_SIGN_STYLE = Automatic;
				CURRENT_PROJECT_VERSION = 1;
				GENERATE_INFOPLIST_FILE = YES;
				MARKETING_VERSION = 1.0;
				PRODUCT_BUNDLE_IDENTIFIER = "Pchelalala.swift-login-systemUITests";
				PRODUCT_NAME = "$(TARGET_NAME)";
				SWIFT_EMIT_LOC_STRINGS = NO;
				SWIFT_VERSION = 5.0;
				TARGETED_DEVICE_FAMILY = "1,2";
				TEST_TARGET_NAME = swift_login_system;
			};
			name = Release;
		};
/* End XCBuildConfiguration section */

/* Begin XCConfigurationList section */
		0E4A2A402C398708003983B3 /* Build configuration list for PBXProject "swift_login_system" */ = {
			isa = XCConfigurationList;
			buildConfigurations = (
				0E4A2A6D2C39870A003983B3 /* Debug */,
				0E4A2A6E2C39870A003983B3 /* Release */,
			);
			defaultConfigurationIsVisible = 0;
			defaultConfigurationName = Release;
		};
		0E4A2A6F2C39870A003983B3 /* Build configuration list for PBXNativeTarget "swift_login_system" */ = {
			isa = XCConfigurationList;
			buildConfigurations = (
				0E4A2A702C39870A003983B3 /* Debug */,
				0E4A2A712C39870A003983B3 /* Release */,
			);
			defaultConfigurationIsVisible = 0;
			defaultConfigurationName = Release;
		};
		0E4A2A722C39870A003983B3 /* Build configuration list for PBXNativeTarget "swift_login_systemTests" */ = {
			isa = XCConfigurationList;
			buildConfigurations = (
				0E4A2A732C39870A003983B3 /* Debug */,
				0E4A2A742C39870A003983B3 /* Release */,
			);
			defaultConfigurationIsVisible = 0;
			defaultConfigurationName = Release;
		};
		0E4A2A752C39870A003983B3 /* Build configuration list for PBXNativeTarget "swift_login_systemUITests" */ = {
			isa = XCConfigurationList;
			buildConfigurations = (
				0E4A2A762C39870A003983B3 /* Debug */,
				0E4A2A772C39870A003983B3 /* Release */,
			);
			defaultConfigurationIsVisible = 0;
			defaultConfigurationName = Release;
		};
/* End XCConfigurationList section */
	};
	rootObject = 0E4A2A3D2C398708003983B3 /* Project object */;
}
